
Microsoft Visual Studio Solution File, Format Version 12.00
# Visual Studio Version 17
VisualStudioVersion = 17.0.32014.148
MinimumVisualStudioVersion = 10.0.40219.1
Project("{888888A0-9F3D-457C-B088-3A5042F75D52}") = "VA_lab3", "VA_lab3.pyproj", "{8AA65325-A26F-442A-A284-A672D0C9A003}"
EndProject
Global
	GlobalSection(SolutionConfigurationPlatforms) = preSolution
		Debug|Any CPU = Debug|Any CPU
		Release|Any CPU = Release|Any CPU
	EndGlobalSection
	GlobalSection(ProjectConfigurationPlatforms) = postSolution
		{8AA65325-A26F-442A-A284-A672D0C9A003}.Debug|Any CPU.ActiveCfg = Debug|Any CPU
		{8AA65325-A26F-442A-A284-A672D0C9A003}.Release|Any CPU.ActiveCfg = Release|Any CPU
	EndGlobalSection
	GlobalSection(SolutionProperties) = preSolution
		HideSolutionNode = FALSE
	EndGlobalSection
	GlobalSection(ExtensibilityGlobals) = postSolution
		SolutionGuid = {5E2D71A8-519C-4A69-ABC4-087076EA651B}
	EndGlobalSection
EndGlobal
